
Microsoft Visual Studio Solution File, Format Version 12.00
# Visual Studio 15
VisualStudioVersion = 15.0.26403.7
MinimumVisualStudioVersion = 10.0.40219.1
Project("{D954291E-2A0B-460D-934E-DC6B0785DB48}") = "MountainSafe", "MountainSafe\MountainSafe\MountainSafe.shproj", "{F688D951-2693-48CC-86A0-0C66CAE3B51F}"
EndProject
Project("{FAE04EC0-301F-11D3-BF4B-00C04F79EFBC}") = "MountainSafe.Android", "MountainSafe\MountainSafe.Android\MountainSafe.Android.csproj", "{12EC4270-85AC-43C1-8045-DBB4F2B10C3D}"
EndProject
Project("{FAE04EC0-301F-11D3-BF4B-00C04F79EFBC}") = "MountainSafe.iOS", "MountainSafe\MountainSafe.iOS\MountainSafe.iOS.csproj", "{57381E36-9080-4032-A429-E075D40839CB}"
EndProject
Project("{FAE04EC0-301F-11D3-BF4B-00C04F79EFBC}") = "MountainSafe.UWP", "MountainSafe\MountainSafe.UWP\MountainSafe.UWP.csproj", "{2EC6258E-C0F2-4D1E-B9B4-911DC90534C1}"
EndProject
Global
	GlobalSection(SharedMSBuildProjectFiles) = preSolution
		MountainSafe\MountainSafe\MountainSafe.projitems*{12ec4270-85ac-43c1-8045-dbb4f2b10c3d}*SharedItemsImports = 4
		MountainSafe\MountainSafe\MountainSafe.projitems*{2ec6258e-c0f2-4d1e-b9b4-911dc90534c1}*SharedItemsImports = 4
		MountainSafe\MountainSafe\MountainSafe.projitems*{57381e36-9080-4032-a429-e075d40839cb}*SharedItemsImports = 4
		MountainSafe\MountainSafe\MountainSafe.projitems*{f688d951-2693-48cc-86a0-0c66cae3b51f}*SharedItemsImports = 13
	EndGlobalSection
	GlobalSection(SolutionConfigurationPlatforms) = preSolution
		Ad-Hoc|Any CPU = Ad-Hoc|Any CPU
		Ad-Hoc|ARM = Ad-Hoc|ARM
		Ad-Hoc|iPhone = Ad-Hoc|iPhone
		Ad-Hoc|iPhoneSimulator = Ad-Hoc|iPhoneSimulator
		Ad-Hoc|x64 = Ad-Hoc|x64
		Ad-Hoc|x86 = Ad-Hoc|x86
		AppStore|Any CPU = AppStore|Any CPU
		AppStore|ARM = AppStore|ARM
		AppStore|iPhone = AppStore|iPhone
		AppStore|iPhoneSimulator = AppStore|iPhoneSimulator
		AppStore|x64 = AppStore|x64
		AppStore|x86 = AppStore|x86
		Debug|Any CPU = Debug|Any CPU
		Debug|ARM = Debug|ARM
		Debug|iPhone = Debug|iPhone
		Debug|iPhoneSimulator = Debug|iPhoneSimulator
		Debug|x64 = Debug|x64
		Debug|x86 = Debug|x86
		Release|Any CPU = Release|Any CPU
		Release|ARM = Release|ARM
		Release|iPhone = Release|iPhone
		Release|iPhoneSimulator = Release|iPhoneSimulator
		Release|x64 = Release|x64
		Release|x86 = Release|x86
	EndGlobalSection
	GlobalSection(ProjectConfigurationPlatforms) = postSolution
		{12EC4270-85AC-43C1-8045-DBB4F2B10C3D}.Ad-Hoc|Any CPU.ActiveCfg = Release|Any CPU
		{12EC4270-85AC-43C1-8045-DBB4F2B10C3D}.Ad-Hoc|Any CPU.Build.0 = Release|Any CPU
		{12EC4270-85AC-43C1-8045-DBB4F2B10C3D}.Ad-Hoc|Any CPU.Deploy.0 = Release|Any CPU
		{12EC4270-85AC-43C1-8045-DBB4F2B10C3D}.Ad-Hoc|ARM.ActiveCfg = Release|Any CPU
		{12EC4270-85AC-43C1-8045-DBB4F2B10C3D}.Ad-Hoc|ARM.Build.0 = Release|Any CPU
		{12EC4270-85AC-43C1-8045-DBB4F2B10C3D}.Ad-Hoc|ARM.Deploy.0 = Release|Any CPU
		{12EC4270-85AC-43C1-8045-DBB4F2B10C3D}.Ad-Hoc|iPhone.ActiveCfg = Release|Any CPU
		{12EC4270-85AC-43C1-8045-DBB4F2B10C3D}.Ad-Hoc|iPhone.Build.0 = Release|Any CPU
		{12EC4270-85AC-43C1-8045-DBB4F2B10C3D}.Ad-Hoc|iPhone.Deploy.0 = Release|Any CPU
		{12EC4270-85AC-43C1-8045-DBB4F2B10C3D}.Ad-Hoc|iPhoneSimulator.ActiveCfg = Release|Any CPU
		{12EC4270-85AC-43C1-8045-DBB4F2B10C3D}.Ad-Hoc|iPhoneSimulator.Build.0 = Release|Any CPU
		{12EC4270-85AC-43C1-8045-DBB4F2B10C3D}.Ad-Hoc|iPhoneSimulator.Deploy.0 = Release|Any CPU
		{12EC4270-85AC-43C1-8045-DBB4F2B10C3D}.Ad-Hoc|x64.ActiveCfg = Release|Any CPU
		{12EC4270-85AC-43C1-8045-DBB4F2B10C3D}.Ad-Hoc|x64.Build.0 = Release|Any CPU
		{12EC4270-85AC-43C1-8045-DBB4F2B10C3D}.Ad-Hoc|x64.Deploy.0 = Release|Any CPU
		{12EC4270-85AC-43C1-8045-DBB4F2B10C3D}.Ad-Hoc|x86.ActiveCfg = Release|Any CPU
		{12EC4270-85AC-43C1-8045-DBB4F2B10C3D}.Ad-Hoc|x86.Build.0 = Release|Any CPU
		{12EC4270-85AC-43C1-8045-DBB4F2B10C3D}.Ad-Hoc|x86.Deploy.0 = Release|Any CPU
		{12EC4270-85AC-43C1-8045-DBB4F2B10C3D}.AppStore|Any CPU.ActiveCfg = Release|Any CPU
		{12EC4270-85AC-43C1-8045-DBB4F2B10C3D}.AppStore|Any CPU.Build.0 = Release|Any CPU
		{12EC4270-85AC-43C1-8045-DBB4F2B10C3D}.AppStore|Any CPU.Deploy.0 = Release|Any CPU
		{12EC4270-85AC-43C1-8045-DBB4F2B10C3D}.AppStore|ARM.ActiveCfg = Release|Any CPU
		{12EC4270-85AC-43C1-8045-DBB4F2B10C3D}.AppStore|ARM.Build.0 = Release|Any CPU
		{12EC4270-85AC-43C1-8045-DBB4F2B10C3D}.AppStore|ARM.Deploy.0 = Release|Any CPU
		{12EC4270-85AC-43C1-8045-DBB4F2B10C3D}.AppStore|iPhone.ActiveCfg = Release|Any CPU
		{12EC4270-85AC-43C1-8045-DBB4F2B10C3D}.AppStore|iPhone.Build.0 = Release|Any CPU
		{12EC4270-85AC-43C1-8045-DBB4F2B10C3D}.AppStore|iPhone.Deploy.0 = Release|Any CPU
		{12EC4270-85AC-43C1-8045-DBB4F2B10C3D}.AppStore|iPhoneSimulator.ActiveCfg = Release|Any CPU
		{12EC4270-85AC-43C1-8045-DBB4F2B10C3D}.AppStore|iPhoneSimulator.Build.0 = Release|Any CPU
		{12EC4270-85AC-43C1-8045-DBB4F2B10C3D}.AppStore|iPhoneSimulator.Deploy.0 = Release|Any CPU
		{12EC4270-85AC-43C1-8045-DBB4F2B10C3D}.AppStore|x64.ActiveCfg = Release|Any CPU
		{12EC4270-85AC-43C1-8045-DBB4F2B10C3D}.AppStore|x64.Build.0 = Release|Any CPU
		{12EC4270-85AC-43C1-8045-DBB4F2B10C3D}.AppStore|x64.Deploy.0 = Release|Any CPU
		{12EC4270-85AC-43C1-8045-DBB4F2B10C3D}.AppStore|x86.ActiveCfg = Release|Any CPU
		{12EC4270-85AC-43C1-8045-DBB4F2B10C3D}.AppStore|x86.Build.0 = Release|Any CPU
		{12EC4270-85AC-43C1-8045-DBB4F2B10C3D}.AppStore|x86.Deploy.0 = Release|Any CPU
		{12EC4270-85AC-43C1-8045-DBB4F2B10C3D}.Debug|Any CPU.ActiveCfg = Debug|Any CPU
		{12EC4270-85AC-43C1-8045-DBB4F2B10C3D}.Debug|Any CPU.Build.0 = Debug|Any CPU
		{12EC4270-85AC-43C1-8045-DBB4F2B10C3D}.Debug|Any CPU.Deploy.0 = Debug|Any CPU
		{12EC4270-85AC-43C1-8045-DBB4F2B10C3D}.Debug|ARM.ActiveCfg = Debug|Any CPU
		{12EC4270-85AC-43C1-8045-DBB4F2B10C3D}.Debug|ARM.Build.0 = Debug|Any CPU
		{12EC4270-85AC-43C1-8045-DBB4F2B10C3D}.Debug|ARM.Deploy.0 = Debug|Any CPU
		{12EC4270-85AC-43C1-8045-DBB4F2B10C3D}.Debug|iPhone.ActiveCfg = Debug|Any CPU
		{12EC4270-85AC-43C1-8045-DBB4F2B10C3D}.Debug|iPhone.Build.0 = Debug|Any CPU
		{12EC4270-85AC-43C1-8045-DBB4F2B10C3D}.Debug|iPhone.Deploy.0 = Debug|Any CPU
		{12EC4270-85AC-43C1-8045-DBB4F2B10C3D}.Debug|iPhoneSimulator.ActiveCfg = Debug|Any CPU
		{12EC4270-85AC-43C1-8045-DBB4F2B10C3D}.Debug|iPhoneSimulator.Build.0 = Debug|Any CPU
		{12EC4270-85AC-43C1-8045-DBB4F2B10C3D}.Debug|iPhoneSimulator.Deploy.0 = Debug|Any CPU
		{12EC4270-85AC-43C1-8045-DBB4F2B10C3D}.Debug|x64.ActiveCfg = Debug|Any CPU
		{12EC4270-85AC-43C1-8045-DBB4F2B10C3D}.Debug|x64.Build.0 = Debug|Any CPU
		{12EC4270-85AC-43C1-8045-DBB4F2B10C3D}.Debug|x64.Deploy.0 = Debug|Any CPU
		{12EC4270-85AC-43C1-8045-DBB4F2B10C3D}.Debug|x86.ActiveCfg = Debug|Any CPU
		{12EC4270-85AC-43C1-8045-DBB4F2B10C3D}.Debug|x86.Build.0 = Debug|Any CPU
		{12EC4270-85AC-43C1-8045-DBB4F2B10C3D}.Debug|x86.Deploy.0 = Debug|Any CPU
		{12EC4270-85AC-43C1-8045-DBB4F2B10C3D}.Release|Any CPU.ActiveCfg = Release|Any CPU
		{12EC4270-85AC-43C1-8045-DBB4F2B10C3D}.Release|Any CPU.Build.0 = Release|Any CPU
		{12EC4270-85AC-43C1-8045-DBB4F2B10C3D}.Release|Any CPU.Deploy.0 = Release|Any CPU
		{12EC4270-85AC-43C1-8045-DBB4F2B10C3D}.Release|ARM.ActiveCfg = Release|Any CPU
		{12EC4270-85AC-43C1-8045-DBB4F2B10C3D}.Release|ARM.Build.0 = Release|Any CPU
		{12EC4270-85AC-43C1-8045-DBB4F2B10C3D}.Release|ARM.Deploy.0 = Release|Any CPU
		{12EC4270-85AC-43C1-8045-DBB4F2B10C3D}.Release|iPhone.ActiveCfg = Release|Any CPU
		{12EC4270-85AC-43C1-8045-DBB4F2B10C3D}.Release|iPhone.Build.0 = Release|Any CPU
		{12EC4270-85AC-43C1-8045-DBB4F2B10C3D}.Release|iPhone.Deploy.0 = Release|Any CPU
		{12EC4270-85AC-43C1-8045-DBB4F2B10C3D}.Release|iPhoneSimulator.ActiveCfg = Release|Any CPU
		{12EC4270-85AC-43C1-8045-DBB4F2B10C3D}.Release|iPhoneSimulator.Build.0 = Release|Any CPU
		{12EC4270-85AC-43C1-8045-DBB4F2B10C3D}.Release|iPhoneSimulator.Deploy.0 = Release|Any CPU
		{12EC4270-85AC-43C1-8045-DBB4F2B10C3D}.Release|x64.ActiveCfg = Release|Any CPU
		{12EC4270-85AC-43C1-8045-DBB4F2B10C3D}.Release|x64.Build.0 = Release|Any CPU
		{12EC4270-85AC-43C1-8045-DBB4F2B10C3D}.Release|x64.Deploy.0 = Release|Any CPU
		{12EC4270-85AC-43C1-8045-DBB4F2B10C3D}.Release|x86.ActiveCfg = Release|Any CPU
		{12EC4270-85AC-43C1-8045-DBB4F2B10C3D}.Release|x86.Build.0 = Release|Any CPU
		{12EC4270-85AC-43C1-8045-DBB4F2B10C3D}.Release|x86.Deploy.0 = Release|Any CPU
		{57381E36-9080-4032-A429-E075D40839CB}.Ad-Hoc|Any CPU.ActiveCfg = Ad-Hoc|iPhone
		{57381E36-9080-4032-A429-E075D40839CB}.Ad-Hoc|ARM.ActiveCfg = Ad-Hoc|iPhone
		{57381E36-9080-4032-A429-E075D40839CB}.Ad-Hoc|iPhone.ActiveCfg = Ad-Hoc|iPhone
		{57381E36-9080-4032-A429-E075D40839CB}.Ad-Hoc|iPhone.Build.0 = Ad-Hoc|iPhone
		{57381E36-9080-4032-A429-E075D40839CB}.Ad-Hoc|iPhoneSimulator.ActiveCfg = Ad-Hoc|iPhoneSimulator
		{57381E36-9080-4032-A429-E075D40839CB}.Ad-Hoc|iPhoneSimulator.Build.0 = Ad-Hoc|iPhoneSimulator
		{57381E36-9080-4032-A429-E075D40839CB}.Ad-Hoc|x64.ActiveCfg = Ad-Hoc|iPhone
		{57381E36-9080-4032-A429-E075D40839CB}.Ad-Hoc|x86.ActiveCfg = Ad-Hoc|iPhone
		{57381E36-9080-4032-A429-E075D40839CB}.AppStore|Any CPU.ActiveCfg = AppStore|iPhone
		{57381E36-9080-4032-A429-E075D40839CB}.AppStore|ARM.ActiveCfg = AppStore|iPhone
		{57381E36-9080-4032-A429-E075D40839CB}.AppStore|iPhone.ActiveCfg = AppStore|iPhone
		{57381E36-9080-4032-A429-E075D40839CB}.AppStore|iPhone.Build.0 = AppStore|iPhone
		{57381E36-9080-4032-A429-E075D40839CB}.AppStore|iPhoneSimulator.ActiveCfg = AppStore|iPhoneSimulator
		{57381E36-9080-4032-A429-E075D40839CB}.AppStore|iPhoneSimulator.Build.0 = AppStore|iPhoneSimulator
		{57381E36-9080-4032-A429-E075D40839CB}.AppStore|x64.ActiveCfg = AppStore|iPhone
		{57381E36-9080-4032-A429-E075D40839CB}.AppStore|x86.ActiveCfg = AppStore|iPhone
		{57381E36-9080-4032-A429-E075D40839CB}.Debug|Any CPU.ActiveCfg = Debug|iPhone
		{57381E36-9080-4032-A429-E075D40839CB}.Debug|ARM.ActiveCfg = Debug|iPhone
		{57381E36-9080-4032-A429-E075D40839CB}.Debug|iPhone.ActiveCfg = Debug|iPhone
		{57381E36-9080-4032-A429-E075D40839CB}.Debug|iPhone.Build.0 = Debug|iPhone
		{57381E36-9080-4032-A429-E075D40839CB}.Debug|iPhoneSimulator.ActiveCfg = Debug|iPhoneSimulator
		{57381E36-9080-4032-A429-E075D40839CB}.Debug|iPhoneSimulator.Build.0 = Debug|iPhoneSimulator
		{57381E36-9080-4032-A429-E075D40839CB}.Debug|x64.ActiveCfg = Debug|iPhone
		{57381E36-9080-4032-A429-E075D40839CB}.Debug|x86.ActiveCfg = Debug|iPhone
		{57381E36-9080-4032-A429-E075D40839CB}.Release|Any CPU.ActiveCfg = Release|iPhone
		{57381E36-9080-4032-A429-E075D40839CB}.Release|ARM.ActiveCfg = Release|iPhone
		{57381E36-9080-4032-A429-E075D40839CB}.Release|iPhone.ActiveCfg = Release|iPhone
		{57381E36-9080-4032-A429-E075D40839CB}.Release|iPhone.Build.0 = Release|iPhone
		{57381E36-9080-4032-A429-E075D40839CB}.Release|iPhoneSimulator.ActiveCfg = Release|iPhoneSimulator
		{57381E36-9080-4032-A429-E075D40839CB}.Release|iPhoneSimulator.Build.0 = Release|iPhoneSimulator
		{57381E36-9080-4032-A429-E075D40839CB}.Release|x64.ActiveCfg = Release|iPhone
		{57381E36-9080-4032-A429-E075D40839CB}.Release|x86.ActiveCfg = Release|iPhone
		{2EC6258E-C0F2-4D1E-B9B4-911DC90534C1}.Ad-Hoc|Any CPU.ActiveCfg = Release|x86
		{2EC6258E-C0F2-4D1E-B9B4-911DC90534C1}.Ad-Hoc|Any CPU.Build.0 = Release|x86
		{2EC6258E-C0F2-4D1E-B9B4-911DC90534C1}.Ad-Hoc|Any CPU.Deploy.0 = Release|x86
		{2EC6258E-C0F2-4D1E-B9B4-911DC90534C1}.Ad-Hoc|ARM.ActiveCfg = Release|ARM
		{2EC6258E-C0F2-4D1E-B9B4-911DC90534C1}.Ad-Hoc|ARM.Build.0 = Release|ARM
		{2EC6258E-C0F2-4D1E-B9B4-911DC90534C1}.Ad-Hoc|ARM.Deploy.0 = Release|ARM
		{2EC6258E-C0F2-4D1E-B9B4-911DC90534C1}.Ad-Hoc|iPhone.ActiveCfg = Release|x86
		{2EC6258E-C0F2-4D1E-B9B4-911DC90534C1}.Ad-Hoc|iPhone.Build.0 = Release|x86
		{2EC6258E-C0F2-4D1E-B9B4-911DC90534C1}.Ad-Hoc|iPhone.Deploy.0 = Release|x86
		{2EC6258E-C0F2-4D1E-B9B4-911DC90534C1}.Ad-Hoc|iPhoneSimulator.ActiveCfg = Release|x86
		{2EC6258E-C0F2-4D1E-B9B4-911DC90534C1}.Ad-Hoc|iPhoneSimulator.Build.0 = Release|x86
		{2EC6258E-C0F2-4D1E-B9B4-911DC90534C1}.Ad-Hoc|iPhoneSimulator.Deploy.0 = Release|x86
		{2EC6258E-C0F2-4D1E-B9B4-911DC90534C1}.Ad-Hoc|x64.ActiveCfg = Release|x64
		{2EC6258E-C0F2-4D1E-B9B4-911DC90534C1}.Ad-Hoc|x64.Build.0 = Release|x64
		{2EC6258E-C0F2-4D1E-B9B4-911DC90534C1}.Ad-Hoc|x64.Deploy.0 = Release|x64
		{2EC6258E-C0F2-4D1E-B9B4-911DC90534C1}.Ad-Hoc|x86.ActiveCfg = Release|x86
		{2EC6258E-C0F2-4D1E-B9B4-911DC90534C1}.Ad-Hoc|x86.Build.0 = Release|x86
		{2EC6258E-C0F2-4D1E-B9B4-911DC90534C1}.Ad-Hoc|x86.Deploy.0 = Release|x86
		{2EC6258E-C0F2-4D1E-B9B4-911DC90534C1}.AppStore|Any CPU.ActiveCfg = Release|x86
		{2EC6258E-C0F2-4D1E-B9B4-911DC90534C1}.AppStore|Any CPU.Build.0 = Release|x86
		{2EC6258E-C0F2-4D1E-B9B4-911DC90534C1}.AppStore|Any CPU.Deploy.0 = Release|x86
		{2EC6258E-C0F2-4D1E-B9B4-911DC90534C1}.AppStore|ARM.ActiveCfg = Release|ARM
		{2EC6258E-C0F2-4D1E-B9B4-911DC90534C1}.AppStore|ARM.Build.0 = Release|ARM
		{2EC6258E-C0F2-4D1E-B9B4-911DC90534C1}.AppStore|ARM.Deploy.0 = Release|ARM
		{2EC6258E-C0F2-4D1E-B9B4-911DC90534C1}.AppStore|iPhone.ActiveCfg = Release|x86
		{2EC6258E-C0F2-4D1E-B9B4-911DC90534C1}.AppStore|iPhone.Build.0 = Release|x86
		{2EC6258E-C0F2-4D1E-B9B4-911DC90534C1}.AppStore|iPhone.Deploy.0 = Release|x86
		{2EC6258E-C0F2-4D1E-B9B4-911DC90534C1}.AppStore|iPhoneSimulator.ActiveCfg = Release|x86
		{2EC6258E-C0F2-4D1E-B9B4-911DC90534C1}.AppStore|iPhoneSimulator.Build.0 = Release|x86
		{2EC6258E-C0F2-4D1E-B9B4-911DC90534C1}.AppStore|iPhoneSimulator.Deploy.0 = Release|x86
		{2EC6258E-C0F2-4D1E-B9B4-911DC90534C1}.AppStore|x64.ActiveCfg = Release|x64
		{2EC6258E-C0F2-4D1E-B9B4-911DC90534C1}.AppStore|x64.Build.0 = Release|x64
		{2EC6258E-C0F2-4D1E-B9B4-911DC90534C1}.AppStore|x64.Deploy.0 = Release|x64
		{2EC6258E-C0F2-4D1E-B9B4-911DC90534C1}.AppStore|x86.ActiveCfg = Release|x86
		{2EC6258E-C0F2-4D1E-B9B4-911DC90534C1}.AppStore|x86.Build.0 = Release|x86
		{2EC6258E-C0F2-4D1E-B9B4-911DC90534C1}.AppStore|x86.Deploy.0 = Release|x86
		{2EC6258E-C0F2-4D1E-B9B4-911DC90534C1}.Debug|Any CPU.ActiveCfg = Debug|x86
		{2EC6258E-C0F2-4D1E-B9B4-911DC90534C1}.Debug|ARM.ActiveCfg = Debug|ARM
		{2EC6258E-C0F2-4D1E-B9B4-911DC90534C1}.Debug|ARM.Build.0 = Debug|ARM
		{2EC6258E-C0F2-4D1E-B9B4-911DC90534C1}.Debug|ARM.Deploy.0 = Debug|ARM
		{2EC6258E-C0F2-4D1E-B9B4-911DC90534C1}.Debug|iPhone.ActiveCfg = Debug|x86
		{2EC6258E-C0F2-4D1E-B9B4-911DC90534C1}.Debug|iPhoneSimulator.ActiveCfg = Debug|x86
		{2EC6258E-C0F2-4D1E-B9B4-911DC90534C1}.Debug|x64.ActiveCfg = Debug|x64
		{2EC6258E-C0F2-4D1E-B9B4-911DC90534C1}.Debug|x64.Build.0 = Debug|x64
		{2EC6258E-C0F2-4D1E-B9B4-911DC90534C1}.Debug|x64.Deploy.0 = Debug|x64
		{2EC6258E-C0F2-4D1E-B9B4-911DC90534C1}.Debug|x86.ActiveCfg = Debug|x86
		{2EC6258E-C0F2-4D1E-B9B4-911DC90534C1}.Debug|x86.Build.0 = Debug|x86
		{2EC6258E-C0F2-4D1E-B9B4-911DC90534C1}.Debug|x86.Deploy.0 = Debug|x86
		{2EC6258E-C0F2-4D1E-B9B4-911DC90534C1}.Release|Any CPU.ActiveCfg = Release|x86
		{2EC6258E-C0F2-4D1E-B9B4-911DC90534C1}.Release|ARM.ActiveCfg = Release|ARM
		{2EC6258E-C0F2-4D1E-B9B4-911DC90534C1}.Release|ARM.Build.0 = Release|ARM
		{2EC6258E-C0F2-4D1E-B9B4-911DC90534C1}.Release|ARM.Deploy.0 = Release|ARM
		{2EC6258E-C0F2-4D1E-B9B4-911DC90534C1}.Release|iPhone.ActiveCfg = Release|x86
		{2EC6258E-C0F2-4D1E-B9B4-911DC90534C1}.Release|iPhoneSimulator.ActiveCfg = Release|x86
		{2EC6258E-C0F2-4D1E-B9B4-911DC90534C1}.Release|x64.ActiveCfg = Release|x64
		{2EC6258E-C0F2-4D1E-B9B4-911DC90534C1}.Release|x64.Build.0 = Release|x64
		{2EC6258E-C0F2-4D1E-B9B4-911DC90534C1}.Release|x64.Deploy.0 = Release|x64
		{2EC6258E-C0F2-4D1E-B9B4-911DC90534C1}.Release|x86.ActiveCfg = Release|x86
		{2EC6258E-C0F2-4D1E-B9B4-911DC90534C1}.Release|x86.Build.0 = Release|x86
		{2EC6258E-C0F2-4D1E-B9B4-911DC90534C1}.Release|x86.Deploy.0 = Release|x86
	EndGlobalSection
	GlobalSection(SolutionProperties) = preSolution
		HideSolutionNode = FALSE
	EndGlobalSection
EndGlobal
